// !$*UTF8*$!
{
	archiveVersion = 1;
	classes = {
	};
	objectVersion = 50;
	objects = {

/* Begin PBXBuildFile section */
		BA7711BC21AE8F9D00309572 /* AppDelegate.swift in Sources */ = {isa = PBXBuildFile; fileRef = BA7711BB21AE8F9D00309572 /* AppDelegate.swift */; };
		BA7711BE21AE8F9D00309572 /* WelcomeVC.swift in Sources */ = {isa = PBXBuildFile; fileRef = BA7711BD21AE8F9D00309572 /* WelcomeVC.swift */; };
		BA7711C121AE8F9D00309572 /* Main.storyboard in Resources */ = {isa = PBXBuildFile; fileRef = BA7711BF21AE8F9D00309572 /* Main.storyboard */; };
		BA7711C321AE8FA000309572 /* Assets.xcassets in Resources */ = {isa = PBXBuildFile; fileRef = BA7711C221AE8FA000309572 /* Assets.xcassets */; };
		BA7711C621AE8FA000309572 /* LaunchScreen.storyboard in Resources */ = {isa = PBXBuildFile; fileRef = BA7711C421AE8FA000309572 /* LaunchScreen.storyboard */; };
		BA7711CF21AE9FB800309572 /* BorderButton.swift in Sources */ = {isa = PBXBuildFile; fileRef = BA7711CE21AE9FB800309572 /* BorderButton.swift */; };
		BAF8D7F721C07F1100A5FA24 /* LeagueVC.swift in Sources */ = {isa = PBXBuildFile; fileRef = BAF8D7F621C07F1100A5FA24 /* LeagueVC.swift */; };
		BAF8D7F921C07F2600A5FA24 /* SkillVC.swift in Sources */ = {isa = PBXBuildFile; fileRef = BAF8D7F821C07F2600A5FA24 /* SkillVC.swift */; };
/* End PBXBuildFile section */

/* Begin PBXFileReference section */
		BA7711B821AE8F9D00309572 /* app-swoosh.app */ = {isa = PBXFileReference; explicitFileType = wrapper.application; includeInIndex = 0; path = "app-swoosh.app"; sourceTree = BUILT_PRODUCTS_DIR; };
		BA7711BB21AE8F9D00309572 /* AppDelegate.swift */ = {isa = PBXFileReference; lastKnownFileType = sourcecode.swift; path = AppDelegate.swift; sourceTree = "<group>"; };
		BA7711BD21AE8F9D00309572 /* WelcomeVC.swift */ = {isa = PBXFileReference; lastKnownFileType = sourcecode.swift; path = WelcomeVC.swift; sourceTree = "<group>"; };
		BA7711C021AE8F9D00309572 /* Base */ = {isa = PBXFileReference; lastKnownFileType = file.storyboard; name = Base; path = Base.lproj/Main.storyboard; sourceTree = "<group>"; };
		BA7711C221AE8FA000309572 /* Assets.xcassets */ = {isa = PBXFileReference; lastKnownFileType = folder.assetcatalog; path = Assets.xcassets; sourceTree = "<group>"; };
		BA7711C521AE8FA000309572 /* Base */ = {isa = PBXFileReference; lastKnownFileType = file.storyboard; name = Base; path = Base.lproj/LaunchScreen.storyboard; sourceTree = "<group>"; };
		BA7711C721AE8FA000309572 /* Info.plist */ = {isa = PBXFileReference; lastKnownFileType = text.plist.xml; path = Info.plist; sourceTree = "<group>"; };
		BA7711CE21AE9FB800309572 /* BorderButton.swift */ = {isa = PBXFileReference; lastKnownFileType = sourcecode.swift; path = BorderButton.swift; sourceTree = "<group>"; };
		BAF8D7F621C07F1100A5FA24 /* LeagueVC.swift */ = {isa = PBXFileReference; lastKnownFileType = sourcecode.swift; path = LeagueVC.swift; sourceTree = "<group>"; };
		BAF8D7F821C07F2600A5FA24 /* SkillVC.swift */ = {isa = PBXFileReference; lastKnownFileType = sourcecode.swift; path = SkillVC.swift; sourceTree = "<group>"; };
/* End PBXFileReference section */

/* Begin PBXFrameworksBuildPhase section */
		BA7711B521AE8F9D00309572 /* Frameworks */ = {
			isa = PBXFrameworksBuildPhase;
			buildActionMask = 2147483647;
			files = (
			);
			runOnlyForDeploymentPostprocessing = 0;
		};
/* End PBXFrameworksBuildPhase section */

/* Begin PBXGroup section */
		BA7711AF21AE8F9D00309572 = {
			isa = PBXGroup;
			children = (
				BA7711BA21AE8F9D00309572 /* app-swoosh */,
				BA7711B921AE8F9D00309572 /* Products */,
			);
			sourceTree = "<group>";
		};
		BA7711B921AE8F9D00309572 /* Products */ = {
			isa = PBXGroup;
			children = (
				BA7711B821AE8F9D00309572 /* app-swoosh.app */,
			);
			name = Products;
			sourceTree = "<group>";
		};
		BA7711BA21AE8F9D00309572 /* app-swoosh */ = {
			isa = PBXGroup;
			children = (
				BAF8D7F421C07E0400A5FA24 /* Model */,
				BA7711CD21AE9CCA00309572 /* View */,
				BAF8D7F521C07E0F00A5FA24 /* Controller */,
				BA7711BB21AE8F9D00309572 /* AppDelegate.swift */,
				BA7711BF21AE8F9D00309572 /* Main.storyboard */,
				BA7711C221AE8FA000309572 /* Assets.xcassets */,
				BA7711C421AE8FA000309572 /* LaunchScreen.storyboard */,
				BA7711C721AE8FA000309572 /* Info.plist */,
			);
			path = "app-swoosh";
			sourceTree = "<group>";
		};
		BA7711CD21AE9CCA00309572 /* View */ = {
			isa = PBXGroup;
			children = (
				BA7711CE21AE9FB800309572 /* BorderButton.swift */,
			);
			path = View;
			sourceTree = "<group>";
		};
		BAF8D7F421C07E0400A5FA24 /* Model */ = {
			isa = PBXGroup;
			children = (
			);
			path = Model;
			sourceTree = "<group>";
		};
		BAF8D7F521C07E0F00A5FA24 /* Controller */ = {
			isa = PBXGroup;
			children = (
				BA7711BD21AE8F9D00309572 /* WelcomeVC.swift */,
				BAF8D7F621C07F1100A5FA24 /* LeagueVC.swift */,
				BAF8D7F821C07F2600A5FA24 /* SkillVC.swift */,
			);
			path = Controller;
			sourceTree = "<group>";
		};
/* End PBXGroup section */

/* Begin PBXNativeTarget section */
		BA7711B721AE8F9D00309572 /* app-swoosh */ = {
			isa = PBXNativeTarget;
			buildConfigurationList = BA7711CA21AE8FA000309572 /* Build configuration list for PBXNativeTarget "app-swoosh" */;
			buildPhases = (
				BA7711B421AE8F9D00309572 /* Sources */,
				BA7711B521AE8F9D00309572 /* Frameworks */,
				BA7711B621AE8F9D00309572 /* Resources */,
			);
			buildRules = (
			);
			dependencies = (
			);
			name = "app-swoosh";
			productName = "app-swoosh";
			productReference = BA7711B821AE8F9D00309572 /* app-swoosh.app */;
			productType = "com.apple.product-type.application";
		};
/* End PBXNativeTarget section */

/* Begin PBXProject section */
		BA7711B021AE8F9D00309572 /* Project object */ = {
			isa = PBXProject;
			attributes = {
				LastSwiftUpdateCheck = 1010;
				LastUpgradeCheck = 1010;
				ORGANIZATIONNAME = "Willie Fatimehin";
				TargetAttributes = {
					BA7711B721AE8F9D00309572 = {
						CreatedOnToolsVersion = 10.1;
					};
				};
			};
			buildConfigurationList = BA7711B321AE8F9D00309572 /* Build configuration list for PBXProject "app-swoosh" */;
			compatibilityVersion = "Xcode 9.3";
			developmentRegion = en;
			hasScannedForEncodings = 0;
			knownRegions = (
				en,
				Base,
			);
			mainGroup = BA7711AF21AE8F9D00309572;
			productRefGroup = BA7711B921AE8F9D00309572 /* Products */;
			projectDirPath = "";
			projectRoot = "";
			targets = (
				BA7711B721AE8F9D00309572 /* app-swoosh */,
			);
		};
/* End PBXProject section */

/* Begin PBXResourcesBuildPhase section */
		BA7711B621AE8F9D00309572 /* Resources */ = {
			isa = PBXResourcesBuildPhase;
			buildActionMask = 2147483647;
			files = (
				BA7711C621AE8FA000309572 /* LaunchScreen.storyboard in Resources */,
				BA7711C321AE8FA000309572 /* Assets.xcassets in Resources */,
				BA7711C121AE8F9D00309572 /* Main.storyboard in Resources */,
			);
			runOnlyForDeploymentPostprocessing = 0;
		};
/* End PBXResourcesBuildPhase section */

/* Begin PBXSourcesBuildPhase section */
		BA7711B421AE8F9D00309572 /* Sources */ = {
			isa = PBXSourcesBuildPhase;
			buildActionMask = 2147483647;
			files = (
				BA7711BE21AE8F9D00309572 /* WelcomeVC.swift in Sources */,
				BAF8D7F721C07F1100A5FA24 /* LeagueVC.swift in Sources */,
				BA7711BC21AE8F9D00309572 /* AppDelegate.swift in Sources */,
				BAF8D7F921C07F2600A5FA24 /* SkillVC.swift in Sources */,
				BA7711CF21AE9FB800309572 /* BorderButton.swift in Sources */,
			);
			runOnlyForDeploymentPostprocessing = 0;
		};
/* End PBXSourcesBuildPhase section */

/* Begin PBXVariantGroup section */
		BA7711BF21AE8F9D00309572 /* Main.storyboard */ = {
			isa = PBXVariantGroup;
			children = (
				BA7711C021AE8F9D00309572 /* Base */,
			);
			name = Main.storyboard;
			sourceTree = "<group>";
		};
		BA7711C421AE8FA000309572 /* LaunchScreen.storyboard */ = {
			isa = PBXVariantGroup;
			children = (
				BA7711C521AE8FA000309572 /* Base */,
			);
			name = LaunchScreen.storyboard;
			sourceTree = "<group>";
		};
/* End PBXVariantGroup section */

/* Begin XCBuildConfiguration section */
		BA7711C821AE8FA000309572 /* Debug */ = {
			isa = XCBuildConfiguration;
			buildSettings = {
				ALWAYS_SEARCH_USER_PATHS = NO;
				CLANG_ANALYZER_NONNULL = YES;
				CLANG_ANALYZER_NUMBER_OBJECT_CONVERSION = YES_AGGRESSIVE;
				CLANG_CXX_LANGUAGE_STANDARD = "gnu++14";
				CLANG_CXX_LIBRARY = "libc++";
				CLANG_ENABLE_MODULES = YES;
				CLANG_ENABLE_OBJC_ARC = YES;
				CLANG_ENABLE_OBJC_WEAK = YES;
				CLANG_WARN_BLOCK_CAPTURE_AUTORELEASING = YES;
				CLANG_WARN_BOOL_CONVERSION = YES;
				CLANG_WARN_COMMA = YES;
				CLANG_WARN_CONSTANT_CONVERSION = YES;
				CLANG_WARN_DEPRECATED_OBJC_IMPLEMENTATIONS = YES;
				CLANG_WARN_DIRECT_OBJC_ISA_USAGE = YES_ERROR;
				CLANG_WARN_DOCUMENTATION_COMMENTS = YES;
				CLANG_WARN_EMPTY_BODY = YES;
				CLANG_WARN_ENUM_CONVERSION = YES;
				CLANG_WARN_INFINITE_RECURSION = YES;
				CLANG_WARN_INT_CONVERSION = YES;
				CLANG_WARN_NON_LITERAL_NULL_CONVERSION = YES;
				CLANG_WARN_OBJC_IMPLICIT_RETAIN_SELF = YES;
				CLANG_WARN_OBJC_LITERAL_CONVERSION = YES;
				CLANG_WARN_OBJC_ROOT_CLASS = YES_ERROR;
				CLANG_WARN_RANGE_LOOP_ANALYSIS = YES;
				CLANG_WARN_STRICT_PROTOTYPES = YES;
				CLANG_WARN_SUSPICIOUS_MOVE = YES;
				CLANG_WARN_UNGUARDED_AVAILABILITY = YES_AGGRESSIVE;
				CLANG_WARN_UNREACHABLE_CODE = YES;
				CLANG_WARN__DUPLICATE_METHOD_MATCH = YES;
				CODE_SIGN_IDENTITY = "iPhone Developer";
				COPY_PHASE_STRIP = NO;
				DEBUG_INFORMATION_FORMAT = dwarf;
				ENABLE_STRICT_OBJC_MSGSEND = YES;
				ENABLE_TESTABILITY = YES;
				GCC_C_LANGUAGE_STANDARD = gnu11;
				GCC_DYNAMIC_NO_PIC = NO;
				GCC_NO_COMMON_BLOCKS = YES;
				GCC_OPTIMIZATION_LEVEL = 0;
				GCC_PREPROCESSOR_DEFINITIONS = (
					"DEBUG=1",
					"$(inherited)",
				);
				GCC_WARN_64_TO_32_BIT_CONVERSION = YES;
				GCC_WARN_ABOUT_RETURN_TYPE = YES_ERROR;
				GCC_WARN_UNDECLARED_SELECTOR = YES;
				GCC_WARN_UNINITIALIZED_AUTOS = YES_AGGRESSIVE;
				GCC_WARN_UNUSED_FUNCTION = YES;
				GCC_WARN_UNUSED_VARIABLE = YES;
				IPHONEOS_DEPLOYMENT_TARGET = 12.1;
				MTL_ENABLE_DEBUG_INFO = INCLUDE_SOURCE;
				MTL_FAST_MATH = YES;
				ONLY_ACTIVE_ARCH = YES;
				SDKROOT = iphoneos;
				SWIFT_ACTIVE_COMPILATION_CONDITIONS = DEBUG;
				SWIFT_OPTIMIZATION_LEVEL = "-Onone";
			};
			name = Debug;
		};
		BA7711C921AE8FA000309572 /* Release */ = {
			isa = XCBuildConfiguration;
			buildSettings = {
				ALWAYS_SEARCH_USER_PATHS = NO;
				CLANG_ANALYZER_NONNULL = YES;
				CLANG_ANALYZER_NUMBER_OBJECT_CONVERSION = YES_AGGRESSIVE;
				CLANG_CXX_LANGUAGE_STANDARD = "gnu++14";
				CLANG_CXX_LIBRARY = "libc++";
				CLANG_ENABLE_MODULES = YES;
				CLANG_ENABLE_OBJC_ARC = YES;
				CLANG_ENABLE_OBJC_WEAK = YES;
				CLANG_WARN_BLOCK_CAPTURE_AUTORELEASING = YES;
				CLANG_WARN_BOOL_CONVERSION = YES;
				CLANG_WARN_COMMA = YES;
				CLANG_WARN_CONSTANT_CONVERSION = YES;
				CLANG_WARN_DEPRECATED_OBJC_IMPLEMENTATIONS = YES;
				CLANG_WARN_DIRECT_OBJC_ISA_USAGE = YES_ERROR;
				CLANG_WARN_DOCUMENTATION_COMMENTS = YES;
				CLANG_WARN_EMPTY_BODY = YES;
				CLANG_WARN_ENUM_CONVERSION = YES;
				CLANG_WARN_INFINITE_RECURSION = YES;
				CLANG_WARN_INT_CONVERSION = YES;
				CLANG_WARN_NON_LITERAL_NULL_CONVERSION = YES;
				CLANG_WARN_OBJC_IMPLICIT_RETAIN_SELF = YES;
				CLANG_WARN_OBJC_LITERAL_CONVERSION = YES;
				CLANG_WARN_OBJC_ROOT_CLASS = YES_ERROR;
				CLANG_WARN_RANGE_LOOP_ANALYSIS = YES;
				CLANG_WARN_STRICT_PROTOTYPES = YES;
				CLANG_WARN_SUSPICIOUS_MOVE = YES;
				CLANG_WARN_UNGUARDED_AVAILABILITY = YES_AGGRESSIVE;
				CLANG_WARN_UNREACHABLE_CODE = YES;
				CLANG_WARN__DUPLICATE_METHOD_MATCH = YES;
				CODE_SIGN_IDENTITY = "iPhone Developer";
				COPY_PHASE_STRIP = NO;
				DEBUG_INFORMATION_FORMAT = "dwarf-with-dsym";
				ENABLE_NS_ASSERTIONS = NO;
				ENABLE_STRICT_OBJC_MSGSEND = YES;
				GCC_C_LANGUAGE_STANDARD = gnu11;
				GCC_NO_COMMON_BLOCKS = YES;
				GCC_WARN_64_TO_32_BIT_CONVERSION = YES;
				GCC_WARN_ABOUT_RETURN_TYPE = YES_ERROR;
				GCC_WARN_UNDECLARED_SELECTOR = YES;
				GCC_WARN_UNINITIALIZED_AUTOS = YES_AGGRESSIVE;
				GCC_WARN_UNUSED_FUNCTION = YES;
				GCC_WARN_UNUSED_VARIABLE = YES;
				IPHONEOS_DEPLOYMENT_TARGET = 12.1;
				MTL_ENABLE_DEBUG_INFO = NO;
				MTL_FAST_MATH = YES;
				SDKROOT = iphoneos;
				SWIFT_COMPILATION_MODE = wholemodule;
				SWIFT_OPTIMIZATION_LEVEL = "-O";
				VALIDATE_PRODUCT = YES;
			};
			name = Release;
		};
		BA7711CB21AE8FA000309572 /* Debug */ = {
			isa = XCBuildConfiguration;
			buildSettings = {
				ASSETCATALOG_COMPILER_APPICON_NAME = AppIcon;
				CODE_SIGN_STYLE = Automatic;
				DEVELOPMENT_TEAM = 79D2Q66759;
				INFOPLIST_FILE = "app-swoosh/Info.plist";
				LD_RUNPATH_SEARCH_PATHS = (
					"$(inherited)",
					"@executable_path/Frameworks",
				);
				PRODUCT_BUNDLE_IDENTIFIER = "com.FatimehinWillie.app-swoosh";
				PRODUCT_NAME = "$(TARGET_NAME)";
				SWIFT_VERSION = 4.2;
				TARGETED_DEVICE_FAMILY = "1,2";
			};
			name = Debug;
		};
		BA7711CC21AE8FA000309572 /* Release */ = {
			isa = XCBuildConfiguration;
			buildSettings = {
				ASSETCATALOG_COMPILER_APPICON_NAME = AppIcon;
				CODE_SIGN_STYLE = Automatic;
				DEVELOPMENT_TEAM = 79D2Q66759;
				INFOPLIST_FILE = "app-swoosh/Info.plist";
				LD_RUNPATH_SEARCH_PATHS = (
					"$(inherited)",
					"@executable_path/Frameworks",
				);
				PRODUCT_BUNDLE_IDENTIFIER = "com.FatimehinWillie.app-swoosh";
				PRODUCT_NAME = "$(TARGET_NAME)";
				SWIFT_VERSION = 4.2;
				TARGETED_DEVICE_FAMILY = "1,2";
			};
			name = Release;
		};
/* End XCBuildConfiguration section */

/* Begin XCConfigurationList section */
		BA7711B321AE8F9D00309572 /* Build configuration list for PBXProject "app-swoosh" */ = {
			isa = XCConfigurationList;
			buildConfigurations = (
				BA7711C821AE8FA000309572 /* Debug */,
				BA7711C921AE8FA000309572 /* Release */,
			);
			defaultConfigurationIsVisible = 0;
			defaultConfigurationName = Release;
		};
		BA7711CA21AE8FA000309572 /* Build configuration list for PBXNativeTarget "app-swoosh" */ = {
			isa = XCConfigurationList;
			buildConfigurations = (
				BA7711CB21AE8FA000309572 /* Debug */,
				BA7711CC21AE8FA000309572 /* Release */,
			);
			defaultConfigurationIsVisible = 0;
			defaultConfigurationName = Release;
		};
/* End XCConfigurationList section */
	};
	rootObject = BA7711B021AE8F9D00309572 /* Project object */;
}
